// !$*UTF8*$!
{
	archiveVersion = 1;
	classes = {
	};
	objectVersion = 56;
	objects = {

/* Begin PBXBuildFile section */
		32D059F42CD97BBB004B4920 /* ChatViewController.swift in Sources */ = {isa = PBXBuildFile; fileRef = 32D059F32CD97BBB004B4920 /* ChatViewController.swift */; };
		32D059F62CD97BCA004B4920 /* ChatView.swift in Sources */ = {isa = PBXBuildFile; fileRef = 32D059F52CD97BCA004B4920 /* ChatView.swift */; };
		32D059F92CD97C3E004B4920 /* MessagesTableViewCell.swift in Sources */ = {isa = PBXBuildFile; fileRef = 32D059F82CD97C3E004B4920 /* MessagesTableViewCell.swift */; };
		32D059FC2CD97C91004B4920 /* ChatTableViewManager.swift in Sources */ = {isa = PBXBuildFile; fileRef = 32D059FB2CD97C75004B4920 /* ChatTableViewManager.swift */; };
		32D059FE2CD97E4A004B4920 /* Message.swift in Sources */ = {isa = PBXBuildFile; fileRef = 32D059FD2CD97E48004B4920 /* Message.swift */; };
		32D05A012CD97E7F004B4920 /* Configs.swift in Sources */ = {isa = PBXBuildFile; fileRef = 32D05A002CD97E7D004B4920 /* Configs.swift */; };
		32D05A042CD994E5004B4920 /* Chat.swift in Sources */ = {isa = PBXBuildFile; fileRef = 32D05A032CD994E4004B4920 /* Chat.swift */; };
		32D05A062CD9960F004B4920 /* ProgressSpinnerViewController.swift in Sources */ = {isa = PBXBuildFile; fileRef = 32D05A052CD9960F004B4920 /* ProgressSpinnerViewController.swift */; };
		32D05A082CD99625004B4920 /* ProgressSpinnerDelegate.swift in Sources */ = {isa = PBXBuildFile; fileRef = 32D05A072CD9961D004B4920 /* ProgressSpinnerDelegate.swift */; };
		32D05A362CD9B28F004B4920 /* ChatProgressIndicatorManager.swift in Sources */ = {isa = PBXBuildFile; fileRef = 32D05A352CD9B27F004B4920 /* ChatProgressIndicatorManager.swift */; };
		60005F562CD93E1800E0BF91 /* GoogleService-Info.plist in Resources */ = {isa = PBXBuildFile; fileRef = 60005F552CD93E1800E0BF91 /* GoogleService-Info.plist */; };
		60005F592CD93F4100E0BF91 /* FirebaseAuth in Frameworks */ = {isa = PBXBuildFile; productRef = 60005F582CD93F4100E0BF91 /* FirebaseAuth */; };
		60005F5B2CD93F4100E0BF91 /* FirebaseFirestore in Frameworks */ = {isa = PBXBuildFile; productRef = 60005F5A2CD93F4100E0BF91 /* FirebaseFirestore */; };
		60005F5D2CD93F4100E0BF91 /* FirebaseStorage in Frameworks */ = {isa = PBXBuildFile; productRef = 60005F5C2CD93F4100E0BF91 /* FirebaseStorage */; };
		60005F612CD96A9400E0BF91 /* LoginView.swift in Sources */ = {isa = PBXBuildFile; fileRef = 60005F602CD96A9400E0BF91 /* LoginView.swift */; };
		60005F632CD96AB000E0BF91 /* LoginViewController.swift in Sources */ = {isa = PBXBuildFile; fileRef = 60005F622CD96AB000E0BF91 /* LoginViewController.swift */; };
		60005F652CD96B6B00E0BF91 /* RegisterViewController.swift in Sources */ = {isa = PBXBuildFile; fileRef = 60005F642CD96B6B00E0BF91 /* RegisterViewController.swift */; };
		60005F672CD96B8000E0BF91 /* RegisterView.swift in Sources */ = {isa = PBXBuildFile; fileRef = 60005F662CD96B8000E0BF91 /* RegisterView.swift */; };
		60005F6A2CD96BFF00E0BF91 /* MainScreenView.swift in Sources */ = {isa = PBXBuildFile; fileRef = 60005F692CD96BFF00E0BF91 /* MainScreenView.swift */; };
		60B49D562CD93CD0006E308B /* AppDelegate.swift in Sources */ = {isa = PBXBuildFile; fileRef = 60B49D552CD93CD0006E308B /* AppDelegate.swift */; };
		60B49D582CD93CD0006E308B /* SceneDelegate.swift in Sources */ = {isa = PBXBuildFile; fileRef = 60B49D572CD93CD0006E308B /* SceneDelegate.swift */; };
		60B49D5A2CD93CD0006E308B /* ViewController.swift in Sources */ = {isa = PBXBuildFile; fileRef = 60B49D592CD93CD0006E308B /* ViewController.swift */; };
		60B49D5D2CD93CD0006E308B /* Base in Resources */ = {isa = PBXBuildFile; fileRef = 60B49D5C2CD93CD0006E308B /* Base */; };
		60B49D5F2CD93CD1006E308B /* Assets.xcassets in Resources */ = {isa = PBXBuildFile; fileRef = 60B49D5E2CD93CD1006E308B /* Assets.xcassets */; };
		60B49D622CD93CD1006E308B /* Base in Resources */ = {isa = PBXBuildFile; fileRef = 60B49D612CD93CD1006E308B /* Base */; };
/* End PBXBuildFile section */

/* Begin PBXFileReference section */
		32D059F32CD97BBB004B4920 /* ChatViewController.swift */ = {isa = PBXFileReference; lastKnownFileType = sourcecode.swift; path = ChatViewController.swift; sourceTree = "<group>"; };
		32D059F52CD97BCA004B4920 /* ChatView.swift */ = {isa = PBXFileReference; lastKnownFileType = sourcecode.swift; path = ChatView.swift; sourceTree = "<group>"; };
		32D059F82CD97C3E004B4920 /* MessagesTableViewCell.swift */ = {isa = PBXFileReference; lastKnownFileType = sourcecode.swift; path = MessagesTableViewCell.swift; sourceTree = "<group>"; };
		32D059FB2CD97C75004B4920 /* ChatTableViewManager.swift */ = {isa = PBXFileReference; lastKnownFileType = sourcecode.swift; path = ChatTableViewManager.swift; sourceTree = "<group>"; };
		32D059FD2CD97E48004B4920 /* Message.swift */ = {isa = PBXFileReference; lastKnownFileType = sourcecode.swift; path = Message.swift; sourceTree = "<group>"; };
		32D05A002CD97E7D004B4920 /* Configs.swift */ = {isa = PBXFileReference; lastKnownFileType = sourcecode.swift; path = Configs.swift; sourceTree = "<group>"; };
		32D05A032CD994E4004B4920 /* Chat.swift */ = {isa = PBXFileReference; lastKnownFileType = sourcecode.swift; path = Chat.swift; sourceTree = "<group>"; };
		32D05A052CD9960F004B4920 /* ProgressSpinnerViewController.swift */ = {isa = PBXFileReference; lastKnownFileType = sourcecode.swift; path = ProgressSpinnerViewController.swift; sourceTree = "<group>"; };
		32D05A072CD9961D004B4920 /* ProgressSpinnerDelegate.swift */ = {isa = PBXFileReference; lastKnownFileType = sourcecode.swift; path = ProgressSpinnerDelegate.swift; sourceTree = "<group>"; };
		32D05A352CD9B27F004B4920 /* ChatProgressIndicatorManager.swift */ = {isa = PBXFileReference; lastKnownFileType = sourcecode.swift; path = ChatProgressIndicatorManager.swift; sourceTree = "<group>"; };
		60005F552CD93E1800E0BF91 /* GoogleService-Info.plist */ = {isa = PBXFileReference; fileEncoding = 4; lastKnownFileType = text.plist.xml; path = "GoogleService-Info.plist"; sourceTree = "<group>"; };
		60005F602CD96A9400E0BF91 /* LoginView.swift */ = {isa = PBXFileReference; lastKnownFileType = sourcecode.swift; path = LoginView.swift; sourceTree = "<group>"; };
		60005F622CD96AB000E0BF91 /* LoginViewController.swift */ = {isa = PBXFileReference; lastKnownFileType = sourcecode.swift; path = LoginViewController.swift; sourceTree = "<group>"; };
		60005F642CD96B6B00E0BF91 /* RegisterViewController.swift */ = {isa = PBXFileReference; lastKnownFileType = sourcecode.swift; path = RegisterViewController.swift; sourceTree = "<group>"; };
		60005F662CD96B8000E0BF91 /* RegisterView.swift */ = {isa = PBXFileReference; lastKnownFileType = sourcecode.swift; path = RegisterView.swift; sourceTree = "<group>"; };
		60005F692CD96BFF00E0BF91 /* MainScreenView.swift */ = {isa = PBXFileReference; lastKnownFileType = sourcecode.swift; path = MainScreenView.swift; sourceTree = "<group>"; };
		60B49D522CD93CD0006E308B /* Messenger App.app */ = {isa = PBXFileReference; explicitFileType = wrapper.application; includeInIndex = 0; path = "Messenger App.app"; sourceTree = BUILT_PRODUCTS_DIR; };
		60B49D552CD93CD0006E308B /* AppDelegate.swift */ = {isa = PBXFileReference; lastKnownFileType = sourcecode.swift; path = AppDelegate.swift; sourceTree = "<group>"; };
		60B49D572CD93CD0006E308B /* SceneDelegate.swift */ = {isa = PBXFileReference; lastKnownFileType = sourcecode.swift; path = SceneDelegate.swift; sourceTree = "<group>"; };
		60B49D592CD93CD0006E308B /* ViewController.swift */ = {isa = PBXFileReference; lastKnownFileType = sourcecode.swift; path = ViewController.swift; sourceTree = "<group>"; };
		60B49D5C2CD93CD0006E308B /* Base */ = {isa = PBXFileReference; lastKnownFileType = file.storyboard; name = Base; path = Base.lproj/Main.storyboard; sourceTree = "<group>"; };
		60B49D5E2CD93CD1006E308B /* Assets.xcassets */ = {isa = PBXFileReference; lastKnownFileType = folder.assetcatalog; path = Assets.xcassets; sourceTree = "<group>"; };
		60B49D612CD93CD1006E308B /* Base */ = {isa = PBXFileReference; lastKnownFileType = file.storyboard; name = Base; path = Base.lproj/LaunchScreen.storyboard; sourceTree = "<group>"; };
		60B49D632CD93CD1006E308B /* Info.plist */ = {isa = PBXFileReference; lastKnownFileType = text.plist.xml; path = Info.plist; sourceTree = "<group>"; };
/* End PBXFileReference section */

/* Begin PBXFrameworksBuildPhase section */
		60B49D4F2CD93CD0006E308B /* Frameworks */ = {
			isa = PBXFrameworksBuildPhase;
			buildActionMask = 2147483647;
			files = (
				60005F592CD93F4100E0BF91 /* FirebaseAuth in Frameworks */,
				60005F5B2CD93F4100E0BF91 /* FirebaseFirestore in Frameworks */,
				60005F5D2CD93F4100E0BF91 /* FirebaseStorage in Frameworks */,
			);
			runOnlyForDeploymentPostprocessing = 0;
		};
/* End PBXFrameworksBuildPhase section */

/* Begin PBXGroup section */
		32D059F22CD97BA9004B4920 /* ChatView */ = {
			isa = PBXGroup;
			children = (
				32D059F72CD97BD0004B4920 /* Views */,
				32D059F32CD97BBB004B4920 /* ChatViewController.swift */,
				32D059FB2CD97C75004B4920 /* ChatTableViewManager.swift */,
				32D05A352CD9B27F004B4920 /* ChatProgressIndicatorManager.swift */,
			);
			path = ChatView;
			sourceTree = "<group>";
		};
		32D059F72CD97BD0004B4920 /* Views */ = {
			isa = PBXGroup;
			children = (
				32D059F52CD97BCA004B4920 /* ChatView.swift */,
				32D059F82CD97C3E004B4920 /* MessagesTableViewCell.swift */,
			);
			path = Views;
			sourceTree = "<group>";
		};
		32D059FA2CD97C62004B4920 /* Data Models */ = {
			isa = PBXGroup;
			children = (
				32D05A032CD994E4004B4920 /* Chat.swift */,
				32D059FD2CD97E48004B4920 /* Message.swift */,
			);
			path = "Data Models";
			sourceTree = "<group>";
		};
		32D05A022CD9929F004B4920 /* Progress Indicator */ = {
			isa = PBXGroup;
			children = (
				32D05A072CD9961D004B4920 /* ProgressSpinnerDelegate.swift */,
				32D05A052CD9960F004B4920 /* ProgressSpinnerViewController.swift */,
			);
			path = "Progress Indicator";
			sourceTree = "<group>";
		};
		60005F5E2CD96A7C00E0BF91 /* Login Screen */ = {
			isa = PBXGroup;
			children = (
				60005F602CD96A9400E0BF91 /* LoginView.swift */,
				60005F622CD96AB000E0BF91 /* LoginViewController.swift */,
			);
			path = "Login Screen";
			sourceTree = "<group>";
		};
		60005F5F2CD96A8300E0BF91 /* Register Screen */ = {
			isa = PBXGroup;
			children = (
				60005F662CD96B8000E0BF91 /* RegisterView.swift */,
				60005F642CD96B6B00E0BF91 /* RegisterViewController.swift */,
			);
			path = "Register Screen";
			sourceTree = "<group>";
		};
		60005F682CD96BDF00E0BF91 /* Main Screen */ = {
			isa = PBXGroup;
			children = (
				60B49D592CD93CD0006E308B /* ViewController.swift */,
				60005F692CD96BFF00E0BF91 /* MainScreenView.swift */,
			);
			path = "Main Screen";
			sourceTree = "<group>";
		};
		60B49D492CD93CD0006E308B = {
			isa = PBXGroup;
			children = (
				60B49D542CD93CD0006E308B /* Messenger App */,
				60B49D532CD93CD0006E308B /* Products */,
			);
			sourceTree = "<group>";
		};
		60B49D532CD93CD0006E308B /* Products */ = {
			isa = PBXGroup;
			children = (
				60B49D522CD93CD0006E308B /* Messenger App.app */,
			);
			name = Products;
			sourceTree = "<group>";
		};
		60B49D542CD93CD0006E308B /* Messenger App */ = {
			isa = PBXGroup;
			children = (
				32D05A002CD97E7D004B4920 /* Configs.swift */,
				32D059FA2CD97C62004B4920 /* Data Models */,
				32D05A022CD9929F004B4920 /* Progress Indicator */,
				32D059F22CD97BA9004B4920 /* ChatView */,
				60005F682CD96BDF00E0BF91 /* Main Screen */,
				60005F5F2CD96A8300E0BF91 /* Register Screen */,
				60005F5E2CD96A7C00E0BF91 /* Login Screen */,
				60B49D552CD93CD0006E308B /* AppDelegate.swift */,
				60B49D572CD93CD0006E308B /* SceneDelegate.swift */,
				60B49D5B2CD93CD0006E308B /* Main.storyboard */,
				60B49D602CD93CD1006E308B /* LaunchScreen.storyboard */,
				60B49D5E2CD93CD1006E308B /* Assets.xcassets */,
				60B49D632CD93CD1006E308B /* Info.plist */,
				60005F552CD93E1800E0BF91 /* GoogleService-Info.plist */,
			);
			path = "Messenger App";
			sourceTree = "<group>";
		};
/* End PBXGroup section */

/* Begin PBXNativeTarget section */
		60B49D512CD93CD0006E308B /* Messenger App */ = {
			isa = PBXNativeTarget;
			buildConfigurationList = 60B49D662CD93CD1006E308B /* Build configuration list for PBXNativeTarget "Messenger App" */;
			buildPhases = (
				60B49D4E2CD93CD0006E308B /* Sources */,
				60B49D4F2CD93CD0006E308B /* Frameworks */,
				60B49D502CD93CD0006E308B /* Resources */,
			);
			buildRules = (
			);
			dependencies = (
			);
			name = "Messenger App";
			packageProductDependencies = (
				60005F582CD93F4100E0BF91 /* FirebaseAuth */,
				60005F5A2CD93F4100E0BF91 /* FirebaseFirestore */,
				60005F5C2CD93F4100E0BF91 /* FirebaseStorage */,
			);
			productName = "Messenger App";
			productReference = 60B49D522CD93CD0006E308B /* Messenger App.app */;
			productType = "com.apple.product-type.application";
		};
/* End PBXNativeTarget section */

/* Begin PBXProject section */
		60B49D4A2CD93CD0006E308B /* Project object */ = {
			isa = PBXProject;
			attributes = {
				BuildIndependentTargetsInParallel = 1;
				LastSwiftUpdateCheck = 1540;
				LastUpgradeCheck = 1540;
				TargetAttributes = {
					60B49D512CD93CD0006E308B = {
						CreatedOnToolsVersion = 15.4;
					};
				};
			};
			buildConfigurationList = 60B49D4D2CD93CD0006E308B /* Build configuration list for PBXProject "Messenger App" */;
			compatibilityVersion = "Xcode 14.0";
			developmentRegion = en;
			hasScannedForEncodings = 0;
			knownRegions = (
				en,
				Base,
			);
			mainGroup = 60B49D492CD93CD0006E308B;
			packageReferences = (
				60005F572CD93F4100E0BF91 /* XCRemoteSwiftPackageReference "firebase-ios-sdk" */,
			);
			productRefGroup = 60B49D532CD93CD0006E308B /* Products */;
			projectDirPath = "";
			projectRoot = "";
			targets = (
				60B49D512CD93CD0006E308B /* Messenger App */,
			);
		};
/* End PBXProject section */

/* Begin PBXResourcesBuildPhase section */
		60B49D502CD93CD0006E308B /* Resources */ = {
			isa = PBXResourcesBuildPhase;
			buildActionMask = 2147483647;
			files = (
				60B49D5F2CD93CD1006E308B /* Assets.xcassets in Resources */,
				60005F562CD93E1800E0BF91 /* GoogleService-Info.plist in Resources */,
				60B49D622CD93CD1006E308B /* Base in Resources */,
				60B49D5D2CD93CD0006E308B /* Base in Resources */,
			);
			runOnlyForDeploymentPostprocessing = 0;
		};
/* End PBXResourcesBuildPhase section */

/* Begin PBXSourcesBuildPhase section */
		60B49D4E2CD93CD0006E308B /* Sources */ = {
			isa = PBXSourcesBuildPhase;
			buildActionMask = 2147483647;
			files = (
				32D05A082CD99625004B4920 /* ProgressSpinnerDelegate.swift in Sources */,
				60B49D5A2CD93CD0006E308B /* ViewController.swift in Sources */,
				32D059F92CD97C3E004B4920 /* MessagesTableViewCell.swift in Sources */,
				60B49D562CD93CD0006E308B /* AppDelegate.swift in Sources */,
				32D059F62CD97BCA004B4920 /* ChatView.swift in Sources */,
				60005F612CD96A9400E0BF91 /* LoginView.swift in Sources */,
				32D05A362CD9B28F004B4920 /* ChatProgressIndicatorManager.swift in Sources */,
				60005F672CD96B8000E0BF91 /* RegisterView.swift in Sources */,
				60005F652CD96B6B00E0BF91 /* RegisterViewController.swift in Sources */,
				32D059FC2CD97C91004B4920 /* ChatTableViewManager.swift in Sources */,
				60005F632CD96AB000E0BF91 /* LoginViewController.swift in Sources */,
				32D05A062CD9960F004B4920 /* ProgressSpinnerViewController.swift in Sources */,
				32D059FE2CD97E4A004B4920 /* Message.swift in Sources */,
				60B49D582CD93CD0006E308B /* SceneDelegate.swift in Sources */,
				32D059F42CD97BBB004B4920 /* ChatViewController.swift in Sources */,
				60005F6A2CD96BFF00E0BF91 /* MainScreenView.swift in Sources */,
				32D05A042CD994E5004B4920 /* Chat.swift in Sources */,
				32D05A012CD97E7F004B4920 /* Configs.swift in Sources */,
			);
			runOnlyForDeploymentPostprocessing = 0;
		};
/* End PBXSourcesBuildPhase section */

/* Begin PBXVariantGroup section */
		60B49D5B2CD93CD0006E308B /* Main.storyboard */ = {
			isa = PBXVariantGroup;
			children = (
				60B49D5C2CD93CD0006E308B /* Base */,
			);
			name = Main.storyboard;
			sourceTree = "<group>";
		};
		60B49D602CD93CD1006E308B /* LaunchScreen.storyboard */ = {
			isa = PBXVariantGroup;
			children = (
				60B49D612CD93CD1006E308B /* Base */,
			);
			name = LaunchScreen.storyboard;
			sourceTree = "<group>";
		};
/* End PBXVariantGroup section */

/* Begin XCBuildConfiguration section */
		60B49D642CD93CD1006E308B /* Debug */ = {
			isa = XCBuildConfiguration;
			buildSettings = {
				ALWAYS_SEARCH_USER_PATHS = NO;
				ASSETCATALOG_COMPILER_GENERATE_SWIFT_ASSET_SYMBOL_EXTENSIONS = YES;
				CLANG_ANALYZER_NONNULL = YES;
				CLANG_ANALYZER_NUMBER_OBJECT_CONVERSION = YES_AGGRESSIVE;
				CLANG_CXX_LANGUAGE_STANDARD = "gnu++20";
				CLANG_ENABLE_MODULES = YES;
				CLANG_ENABLE_OBJC_ARC = YES;
				CLANG_ENABLE_OBJC_WEAK = YES;
				CLANG_WARN_BLOCK_CAPTURE_AUTORELEASING = YES;
				CLANG_WARN_BOOL_CONVERSION = YES;
				CLANG_WARN_COMMA = YES;
				CLANG_WARN_CONSTANT_CONVERSION = YES;
				CLANG_WARN_DEPRECATED_OBJC_IMPLEMENTATIONS = YES;
				CLANG_WARN_DIRECT_OBJC_ISA_USAGE = YES_ERROR;
				CLANG_WARN_DOCUMENTATION_COMMENTS = YES;
				CLANG_WARN_EMPTY_BODY = YES;
				CLANG_WARN_ENUM_CONVERSION = YES;
				CLANG_WARN_INFINITE_RECURSION = YES;
				CLANG_WARN_INT_CONVERSION = YES;
				CLANG_WARN_NON_LITERAL_NULL_CONVERSION = YES;
				CLANG_WARN_OBJC_IMPLICIT_RETAIN_SELF = YES;
				CLANG_WARN_OBJC_LITERAL_CONVERSION = YES;
				CLANG_WARN_OBJC_ROOT_CLASS = YES_ERROR;
				CLANG_WARN_QUOTED_INCLUDE_IN_FRAMEWORK_HEADER = YES;
				CLANG_WARN_RANGE_LOOP_ANALYSIS = YES;
				CLANG_WARN_STRICT_PROTOTYPES = YES;
				CLANG_WARN_SUSPICIOUS_MOVE = YES;
				CLANG_WARN_UNGUARDED_AVAILABILITY = YES_AGGRESSIVE;
				CLANG_WARN_UNREACHABLE_CODE = YES;
				CLANG_WARN__DUPLICATE_METHOD_MATCH = YES;
				COPY_PHASE_STRIP = NO;
				DEBUG_INFORMATION_FORMAT = dwarf;
				ENABLE_STRICT_OBJC_MSGSEND = YES;
				ENABLE_TESTABILITY = YES;
				ENABLE_USER_SCRIPT_SANDBOXING = YES;
				GCC_C_LANGUAGE_STANDARD = gnu17;
				GCC_DYNAMIC_NO_PIC = NO;
				GCC_NO_COMMON_BLOCKS = YES;
				GCC_OPTIMIZATION_LEVEL = 0;
				GCC_PREPROCESSOR_DEFINITIONS = (
					"DEBUG=1",
					"$(inherited)",
				);
				GCC_WARN_64_TO_32_BIT_CONVERSION = YES;
				GCC_WARN_ABOUT_RETURN_TYPE = YES_ERROR;
				GCC_WARN_UNDECLARED_SELECTOR = YES;
				GCC_WARN_UNINITIALIZED_AUTOS = YES_AGGRESSIVE;
				GCC_WARN_UNUSED_FUNCTION = YES;
				GCC_WARN_UNUSED_VARIABLE = YES;
				IPHONEOS_DEPLOYMENT_TARGET = 17.5;
				LOCALIZATION_PREFERS_STRING_CATALOGS = YES;
				MTL_ENABLE_DEBUG_INFO = INCLUDE_SOURCE;
				MTL_FAST_MATH = YES;
				ONLY_ACTIVE_ARCH = YES;
				SDKROOT = iphoneos;
				SWIFT_ACTIVE_COMPILATION_CONDITIONS = "DEBUG $(inherited)";
				SWIFT_OPTIMIZATION_LEVEL = "-Onone";
			};
			name = Debug;
		};
		60B49D652CD93CD1006E308B /* Release */ = {
			isa = XCBuildConfiguration;
			buildSettings = {
				ALWAYS_SEARCH_USER_PATHS = NO;
				ASSETCATALOG_COMPILER_GENERATE_SWIFT_ASSET_SYMBOL_EXTENSIONS = YES;
				CLANG_ANALYZER_NONNULL = YES;
				CLANG_ANALYZER_NUMBER_OBJECT_CONVERSION = YES_AGGRESSIVE;
				CLANG_CXX_LANGUAGE_STANDARD = "gnu++20";
				CLANG_ENABLE_MODULES = YES;
				CLANG_ENABLE_OBJC_ARC = YES;
				CLANG_ENABLE_OBJC_WEAK = YES;
				CLANG_WARN_BLOCK_CAPTURE_AUTORELEASING = YES;
				CLANG_WARN_BOOL_CONVERSION = YES;
				CLANG_WARN_COMMA = YES;
				CLANG_WARN_CONSTANT_CONVERSION = YES;
				CLANG_WARN_DEPRECATED_OBJC_IMPLEMENTATIONS = YES;
				CLANG_WARN_DIRECT_OBJC_ISA_USAGE = YES_ERROR;
				CLANG_WARN_DOCUMENTATION_COMMENTS = YES;
				CLANG_WARN_EMPTY_BODY = YES;
				CLANG_WARN_ENUM_CONVERSION = YES;
				CLANG_WARN_INFINITE_RECURSION = YES;
				CLANG_WARN_INT_CONVERSION = YES;
				CLANG_WARN_NON_LITERAL_NULL_CONVERSION = YES;
				CLANG_WARN_OBJC_IMPLICIT_RETAIN_SELF = YES;
				CLANG_WARN_OBJC_LITERAL_CONVERSION = YES;
				CLANG_WARN_OBJC_ROOT_CLASS = YES_ERROR;
				CLANG_WARN_QUOTED_INCLUDE_IN_FRAMEWORK_HEADER = YES;
				CLANG_WARN_RANGE_LOOP_ANALYSIS = YES;
				CLANG_WARN_STRICT_PROTOTYPES = YES;
				CLANG_WARN_SUSPICIOUS_MOVE = YES;
				CLANG_WARN_UNGUARDED_AVAILABILITY = YES_AGGRESSIVE;
				CLANG_WARN_UNREACHABLE_CODE = YES;
				CLANG_WARN__DUPLICATE_METHOD_MATCH = YES;
				COPY_PHASE_STRIP = NO;
				DEBUG_INFORMATION_FORMAT = "dwarf-with-dsym";
				ENABLE_NS_ASSERTIONS = NO;
				ENABLE_STRICT_OBJC_MSGSEND = YES;
				ENABLE_USER_SCRIPT_SANDBOXING = YES;
				GCC_C_LANGUAGE_STANDARD = gnu17;
				GCC_NO_COMMON_BLOCKS = YES;
				GCC_WARN_64_TO_32_BIT_CONVERSION = YES;
				GCC_WARN_ABOUT_RETURN_TYPE = YES_ERROR;
				GCC_WARN_UNDECLARED_SELECTOR = YES;
				GCC_WARN_UNINITIALIZED_AUTOS = YES_AGGRESSIVE;
				GCC_WARN_UNUSED_FUNCTION = YES;
				GCC_WARN_UNUSED_VARIABLE = YES;
				IPHONEOS_DEPLOYMENT_TARGET = 17.5;
				LOCALIZATION_PREFERS_STRING_CATALOGS = YES;
				MTL_ENABLE_DEBUG_INFO = NO;
				MTL_FAST_MATH = YES;
				SDKROOT = iphoneos;
				SWIFT_COMPILATION_MODE = wholemodule;
				VALIDATE_PRODUCT = YES;
			};
			name = Release;
		};
		60B49D672CD93CD1006E308B /* Debug */ = {
			isa = XCBuildConfiguration;
			buildSettings = {
				ASSETCATALOG_COMPILER_APPICON_NAME = AppIcon;
				ASSETCATALOG_COMPILER_GLOBAL_ACCENT_COLOR_NAME = AccentColor;
				CODE_SIGN_STYLE = Automatic;
				CURRENT_PROJECT_VERSION = 1;
				DEVELOPMENT_TEAM = JWF82944H3;
				GENERATE_INFOPLIST_FILE = YES;
				INFOPLIST_FILE = "Messenger App/Info.plist";
				INFOPLIST_KEY_UIApplicationSupportsIndirectInputEvents = YES;
				INFOPLIST_KEY_UILaunchStoryboardName = LaunchScreen;
				INFOPLIST_KEY_UIMainStoryboardFile = Main;
				INFOPLIST_KEY_UISupportedInterfaceOrientations_iPad = "UIInterfaceOrientationPortrait UIInterfaceOrientationPortraitUpsideDown UIInterfaceOrientationLandscapeLeft UIInterfaceOrientationLandscapeRight";
				INFOPLIST_KEY_UISupportedInterfaceOrientations_iPhone = "UIInterfaceOrientationPortrait UIInterfaceOrientationLandscapeLeft UIInterfaceOrientationLandscapeRight";
				LD_RUNPATH_SEARCH_PATHS = (
					"$(inherited)",
					"@executable_path/Frameworks",
				);
				MARKETING_VERSION = 1.0;
				PRODUCT_BUNDLE_IDENTIFIER = "com.nuios.Messenger-App";
				PRODUCT_NAME = "$(TARGET_NAME)";
				SWIFT_EMIT_LOC_STRINGS = YES;
				SWIFT_VERSION = 5.0;
				TARGETED_DEVICE_FAMILY = "1,2";
			};
			name = Debug;
		};
		60B49D682CD93CD1006E308B /* Release */ = {
			isa = XCBuildConfiguration;
			buildSettings = {
				ASSETCATALOG_COMPILER_APPICON_NAME = AppIcon;
				ASSETCATALOG_COMPILER_GLOBAL_ACCENT_COLOR_NAME = AccentColor;
				CODE_SIGN_STYLE = Automatic;
				CURRENT_PROJECT_VERSION = 1;
				DEVELOPMENT_TEAM = JWF82944H3;
				GENERATE_INFOPLIST_FILE = YES;
				INFOPLIST_FILE = "Messenger App/Info.plist";
				INFOPLIST_KEY_UIApplicationSupportsIndirectInputEvents = YES;
				INFOPLIST_KEY_UILaunchStoryboardName = LaunchScreen;
				INFOPLIST_KEY_UIMainStoryboardFile = Main;
				INFOPLIST_KEY_UISupportedInterfaceOrientations_iPad = "UIInterfaceOrientationPortrait UIInterfaceOrientationPortraitUpsideDown UIInterfaceOrientationLandscapeLeft UIInterfaceOrientationLandscapeRight";
				INFOPLIST_KEY_UISupportedInterfaceOrientations_iPhone = "UIInterfaceOrientationPortrait UIInterfaceOrientationLandscapeLeft UIInterfaceOrientationLandscapeRight";
				LD_RUNPATH_SEARCH_PATHS = (
					"$(inherited)",
					"@executable_path/Frameworks",
				);
				MARKETING_VERSION = 1.0;
				PRODUCT_BUNDLE_IDENTIFIER = "com.nuios.Messenger-App";
				PRODUCT_NAME = "$(TARGET_NAME)";
				SWIFT_EMIT_LOC_STRINGS = YES;
				SWIFT_VERSION = 5.0;
				TARGETED_DEVICE_FAMILY = "1,2";
			};
			name = Release;
		};
/* End XCBuildConfiguration section */

/* Begin XCConfigurationList section */
		60B49D4D2CD93CD0006E308B /* Build configuration list for PBXProject "Messenger App" */ = {
			isa = XCConfigurationList;
			buildConfigurations = (
				60B49D642CD93CD1006E308B /* Debug */,
				60B49D652CD93CD1006E308B /* Release */,
			);
			defaultConfigurationIsVisible = 0;
			defaultConfigurationName = Release;
		};
		60B49D662CD93CD1006E308B /* Build configuration list for PBXNativeTarget "Messenger App" */ = {
			isa = XCConfigurationList;
			buildConfigurations = (
				60B49D672CD93CD1006E308B /* Debug */,
				60B49D682CD93CD1006E308B /* Release */,
			);
			defaultConfigurationIsVisible = 0;
			defaultConfigurationName = Release;
		};
/* End XCConfigurationList section */

/* Begin XCRemoteSwiftPackageReference section */
		60005F572CD93F4100E0BF91 /* XCRemoteSwiftPackageReference "firebase-ios-sdk" */ = {
			isa = XCRemoteSwiftPackageReference;
			repositoryURL = "https://github.com/firebase/firebase-ios-sdk";
			requirement = {
				kind = upToNextMajorVersion;
				minimumVersion = 11.4.0;
			};
		};
/* End XCRemoteSwiftPackageReference section */

/* Begin XCSwiftPackageProductDependency section */
		60005F582CD93F4100E0BF91 /* FirebaseAuth */ = {
			isa = XCSwiftPackageProductDependency;
			package = 60005F572CD93F4100E0BF91 /* XCRemoteSwiftPackageReference "firebase-ios-sdk" */;
			productName = FirebaseAuth;
		};
		60005F5A2CD93F4100E0BF91 /* FirebaseFirestore */ = {
			isa = XCSwiftPackageProductDependency;
			package = 60005F572CD93F4100E0BF91 /* XCRemoteSwiftPackageReference "firebase-ios-sdk" */;
			productName = FirebaseFirestore;
		};
		60005F5C2CD93F4100E0BF91 /* FirebaseStorage */ = {
			isa = XCSwiftPackageProductDependency;
			package = 60005F572CD93F4100E0BF91 /* XCRemoteSwiftPackageReference "firebase-ios-sdk" */;
			productName = FirebaseStorage;
		};
/* End XCSwiftPackageProductDependency section */
	};
	rootObject = 60B49D4A2CD93CD0006E308B /* Project object */;
}
